
Microsoft Visual Studio Solution File, Format Version 12.00
# Visual Studio 15
VisualStudioVersion = 15.0.26730.12
MinimumVisualStudioVersion = 10.0.40219.1
Project("{FAE04EC0-301F-11D3-BF4B-00C04F79EFBC}") = "X射线荧光分析查询软件", "X射线荧光分析查询软件\X射线荧光分析查询软件.csproj", "{DE77155B-D68C-49AF-87CF-44455483BBEC}"
EndProject
Global
	GlobalSection(SolutionConfigurationPlatforms) = preSolution
		Debug|Any CPU = Debug|Any CPU
		Debug|x64 = Debug|x64
		Debug|x86 = Debug|x86
		Release|Any CPU = Release|Any CPU
		Release|x64 = Release|x64
		Release|x86 = Release|x86
	EndGlobalSection
	GlobalSection(ProjectConfigurationPlatforms) = postSolution
		{DE77155B-D68C-49AF-87CF-44455483BBEC}.Debug|Any CPU.ActiveCfg = Debug|Any CPU
		{DE77155B-D68C-49AF-87CF-44455483BBEC}.Debug|Any CPU.Build.0 = Debug|Any CPU
		{DE77155B-D68C-49AF-87CF-44455483BBEC}.Debug|x64.ActiveCfg = Debug|x64
		{DE77155B-D68C-49AF-87CF-44455483BBEC}.Debug|x64.Build.0 = Debug|x64
		{DE77155B-D68C-49AF-87CF-44455483BBEC}.Debug|x86.ActiveCfg = Debug|x86
		{DE77155B-D68C-49AF-87CF-44455483BBEC}.Debug|x86.Build.0 = Debug|x86
		{DE77155B-D68C-49AF-87CF-44455483BBEC}.Release|Any CPU.ActiveCfg = Release|Any CPU
		{DE77155B-D68C-49AF-87CF-44455483BBEC}.Release|Any CPU.Build.0 = Release|Any CPU
		{DE77155B-D68C-49AF-87CF-44455483BBEC}.Release|x64.ActiveCfg = Release|x64
		{DE77155B-D68C-49AF-87CF-44455483BBEC}.Release|x64.Build.0 = Release|x64
		{DE77155B-D68C-49AF-87CF-44455483BBEC}.Release|x86.ActiveCfg = Release|x86
		{DE77155B-D68C-49AF-87CF-44455483BBEC}.Release|x86.Build.0 = Release|x86
	EndGlobalSection
	GlobalSection(SolutionProperties) = preSolution
		HideSolutionNode = FALSE
	EndGlobalSection
	GlobalSection(ExtensibilityGlobals) = postSolution
		SolutionGuid = {99EA5D68-0FB4-44C9-8DED-525986797199}
	EndGlobalSection
EndGlobal
